
Microsoft Visual Studio Solution File, Format Version 12.00
# Visual Studio Version 16
VisualStudioVersion = 16.0.31105.61
MinimumVisualStudioVersion = 10.0.40219.1
Project("{FAE04EC0-301F-11D3-BF4B-00C04F79EFBC}") = "UserSignupLogin", "UserSignupLogin\UserSignupLogin.csproj", "{1481E871-C346-40A0-9057-792A648A2CDF}"
EndProject
Global
	GlobalSection(SolutionConfigurationPlatforms) = preSolution
		Debug|Any CPU = Debug|Any CPU
		Release|Any CPU = Release|Any CPU
	EndGlobalSection
	GlobalSection(ProjectConfigurationPlatforms) = postSolution
		{1481E871-C346-40A0-9057-792A648A2CDF}.Debug|Any CPU.ActiveCfg = Debug|Any CPU
		{1481E871-C346-40A0-9057-792A648A2CDF}.Debug|Any CPU.Build.0 = Debug|Any CPU
		{1481E871-C346-40A0-9057-792A648A2CDF}.Release|Any CPU.ActiveCfg = Release|Any CPU
		{1481E871-C346-40A0-9057-792A648A2CDF}.Release|Any CPU.Build.0 = Release|Any CPU
	EndGlobalSection
	GlobalSection(SolutionProperties) = preSolution
		HideSolutionNode = FALSE
	EndGlobalSection
	GlobalSection(ExtensibilityGlobals) = postSolution
		SolutionGuid = {56801AE5-7F60-4EB2-B88F-6E99478863F9}
	EndGlobalSection
EndGlobal
